// !$*UTF8*$!
{
	archiveVersion = 1;
	classes = {
	};
	objectVersion = 50;
	objects = {

/* Begin PBXBuildFile section */
		3854A55C212B57DC00F215C9 /* SignUpViewController.swift in Sources */ = {isa = PBXBuildFile; fileRef = 3854A55B212B57DC00F215C9 /* SignUpViewController.swift */; };
		3854A55E212B584F00F215C9 /* WelcomeViewController.swift in Sources */ = {isa = PBXBuildFile; fileRef = 3854A55D212B584F00F215C9 /* WelcomeViewController.swift */; };
		389C5706212B242C00B85F5E /* AppDelegate.swift in Sources */ = {isa = PBXBuildFile; fileRef = 389C5705212B242C00B85F5E /* AppDelegate.swift */; };
		389C570B212B242C00B85F5E /* Main.storyboard in Resources */ = {isa = PBXBuildFile; fileRef = 389C5709212B242C00B85F5E /* Main.storyboard */; };
		389C570D212B242D00B85F5E /* Assets.xcassets in Resources */ = {isa = PBXBuildFile; fileRef = 389C570C212B242D00B85F5E /* Assets.xcassets */; };
		389C5710212B242D00B85F5E /* LaunchScreen.storyboard in Resources */ = {isa = PBXBuildFile; fileRef = 389C570E212B242D00B85F5E /* LaunchScreen.storyboard */; };
		389C571A212B26F100B85F5E /* NameViewController.swift in Sources */ = {isa = PBXBuildFile; fileRef = 389C5719212B26F100B85F5E /* NameViewController.swift */; };
		389C571C212B39ED00B85F5E /* BlueViewController.swift in Sources */ = {isa = PBXBuildFile; fileRef = 389C571B212B39ED00B85F5E /* BlueViewController.swift */; };
		389C571E212B3E0200B85F5E /* DiscoViewController.swift in Sources */ = {isa = PBXBuildFile; fileRef = 389C571D212B3E0200B85F5E /* DiscoViewController.swift */; };
/* End PBXBuildFile section */

/* Begin PBXFileReference section */
		3854A55B212B57DC00F215C9 /* SignUpViewController.swift */ = {isa = PBXFileReference; lastKnownFileType = sourcecode.swift; path = SignUpViewController.swift; sourceTree = "<group>"; };
		3854A55D212B584F00F215C9 /* WelcomeViewController.swift */ = {isa = PBXFileReference; lastKnownFileType = sourcecode.swift; path = WelcomeViewController.swift; sourceTree = "<group>"; };
		389C5702212B242C00B85F5E /* Views & Storyboards.app */ = {isa = PBXFileReference; explicitFileType = wrapper.application; includeInIndex = 0; path = "Views & Storyboards.app"; sourceTree = BUILT_PRODUCTS_DIR; };
		389C5705212B242C00B85F5E /* AppDelegate.swift */ = {isa = PBXFileReference; lastKnownFileType = sourcecode.swift; path = AppDelegate.swift; sourceTree = "<group>"; };
		389C570A212B242C00B85F5E /* Base */ = {isa = PBXFileReference; lastKnownFileType = file.storyboard; name = Base; path = Base.lproj/Main.storyboard; sourceTree = "<group>"; };
		389C570C212B242D00B85F5E /* Assets.xcassets */ = {isa = PBXFileReference; lastKnownFileType = folder.assetcatalog; path = Assets.xcassets; sourceTree = "<group>"; };
		389C570F212B242D00B85F5E /* Base */ = {isa = PBXFileReference; lastKnownFileType = file.storyboard; name = Base; path = Base.lproj/LaunchScreen.storyboard; sourceTree = "<group>"; };
		389C5711212B242D00B85F5E /* Info.plist */ = {isa = PBXFileReference; lastKnownFileType = text.plist.xml; path = Info.plist; sourceTree = "<group>"; };
		389C5719212B26F100B85F5E /* NameViewController.swift */ = {isa = PBXFileReference; lastKnownFileType = sourcecode.swift; path = NameViewController.swift; sourceTree = "<group>"; };
		389C571B212B39ED00B85F5E /* BlueViewController.swift */ = {isa = PBXFileReference; lastKnownFileType = sourcecode.swift; path = BlueViewController.swift; sourceTree = "<group>"; };
		389C571D212B3E0200B85F5E /* DiscoViewController.swift */ = {isa = PBXFileReference; lastKnownFileType = sourcecode.swift; path = DiscoViewController.swift; sourceTree = "<group>"; };
/* End PBXFileReference section */

/* Begin PBXFrameworksBuildPhase section */
		389C56FF212B242C00B85F5E /* Frameworks */ = {
			isa = PBXFrameworksBuildPhase;
			buildActionMask = 2147483647;
			files = (
			);
			runOnlyForDeploymentPostprocessing = 0;
		};
/* End PBXFrameworksBuildPhase section */

/* Begin PBXGroup section */
		389C56F9212B242C00B85F5E = {
			isa = PBXGroup;
			children = (
				389C5704212B242C00B85F5E /* Views & Storyboards */,
				389C5703212B242C00B85F5E /* Products */,
			);
			sourceTree = "<group>";
		};
		389C5703212B242C00B85F5E /* Products */ = {
			isa = PBXGroup;
			children = (
				389C5702212B242C00B85F5E /* Views & Storyboards.app */,
			);
			name = Products;
			sourceTree = "<group>";
		};
		389C5704212B242C00B85F5E /* Views & Storyboards */ = {
			isa = PBXGroup;
			children = (
				389C5705212B242C00B85F5E /* AppDelegate.swift */,
				389C5719212B26F100B85F5E /* NameViewController.swift */,
				389C571D212B3E0200B85F5E /* DiscoViewController.swift */,
				3854A55B212B57DC00F215C9 /* SignUpViewController.swift */,
				3854A55D212B584F00F215C9 /* WelcomeViewController.swift */,
				389C571B212B39ED00B85F5E /* BlueViewController.swift */,
				389C5709212B242C00B85F5E /* Main.storyboard */,
				389C570C212B242D00B85F5E /* Assets.xcassets */,
				389C570E212B242D00B85F5E /* LaunchScreen.storyboard */,
				389C5711212B242D00B85F5E /* Info.plist */,
			);
			path = "Views & Storyboards";
			sourceTree = "<group>";
		};
/* End PBXGroup section */

/* Begin PBXNativeTarget section */
		389C5701212B242C00B85F5E /* Views & Storyboards */ = {
			isa = PBXNativeTarget;
			buildConfigurationList = 389C5714212B242D00B85F5E /* Build configuration list for PBXNativeTarget "Views & Storyboards" */;
			buildPhases = (
				389C56FE212B242C00B85F5E /* Sources */,
				389C56FF212B242C00B85F5E /* Frameworks */,
				389C5700212B242C00B85F5E /* Resources */,
			);
			buildRules = (
			);
			dependencies = (
			);
			name = "Views & Storyboards";
			productName = "Views & Storyboards";
			productReference = 389C5702212B242C00B85F5E /* Views & Storyboards.app */;
			productType = "com.apple.product-type.application";
		};
/* End PBXNativeTarget section */

/* Begin PBXProject section */
		389C56FA212B242C00B85F5E /* Project object */ = {
			isa = PBXProject;
			attributes = {
				LastSwiftUpdateCheck = 0940;
				LastUpgradeCheck = 0940;
				ORGANIZATIONNAME = "Eric Andersen";
				TargetAttributes = {
					389C5701212B242C00B85F5E = {
						CreatedOnToolsVersion = 9.4.1;
					};
				};
			};
			buildConfigurationList = 389C56FD212B242C00B85F5E /* Build configuration list for PBXProject "Views & Storyboards" */;
			compatibilityVersion = "Xcode 9.3";
			developmentRegion = en;
			hasScannedForEncodings = 0;
			knownRegions = (
				en,
				Base,
			);
			mainGroup = 389C56F9212B242C00B85F5E;
			productRefGroup = 389C5703212B242C00B85F5E /* Products */;
			projectDirPath = "";
			projectRoot = "";
			targets = (
				389C5701212B242C00B85F5E /* Views & Storyboards */,
			);
		};
/* End PBXProject section */

/* Begin PBXResourcesBuildPhase section */
		389C5700212B242C00B85F5E /* Resources */ = {
			isa = PBXResourcesBuildPhase;
			buildActionMask = 2147483647;
			files = (
				389C5710212B242D00B85F5E /* LaunchScreen.storyboard in Resources */,
				389C570D212B242D00B85F5E /* Assets.xcassets in Resources */,
				389C570B212B242C00B85F5E /* Main.storyboard in Resources */,
			);
			runOnlyForDeploymentPostprocessing = 0;
		};
/* End PBXResourcesBuildPhase section */

/* Begin PBXSourcesBuildPhase section */
		389C56FE212B242C00B85F5E /* Sources */ = {
			isa = PBXSourcesBuildPhase;
			buildActionMask = 2147483647;
			files = (
				389C5706212B242C00B85F5E /* AppDelegate.swift in Sources */,
				389C571E212B3E0200B85F5E /* DiscoViewController.swift in Sources */,
				389C571C212B39ED00B85F5E /* BlueViewController.swift in Sources */,
				3854A55E212B584F00F215C9 /* WelcomeViewController.swift in Sources */,
				389C571A212B26F100B85F5E /* NameViewController.swift in Sources */,
				3854A55C212B57DC00F215C9 /* SignUpViewController.swift in Sources */,
			);
			runOnlyForDeploymentPostprocessing = 0;
		};
/* End PBXSourcesBuildPhase section */

/* Begin PBXVariantGroup section */
		389C5709212B242C00B85F5E /* Main.storyboard */ = {
			isa = PBXVariantGroup;
			children = (
				389C570A212B242C00B85F5E /* Base */,
			);
			name = Main.storyboard;
			sourceTree = "<group>";
		};
		389C570E212B242D00B85F5E /* LaunchScreen.storyboard */ = {
			isa = PBXVariantGroup;
			children = (
				389C570F212B242D00B85F5E /* Base */,
			);
			name = LaunchScreen.storyboard;
			sourceTree = "<group>";
		};
/* End PBXVariantGroup section */

/* Begin XCBuildConfiguration section */
		389C5712212B242D00B85F5E /* Debug */ = {
			isa = XCBuildConfiguration;
			buildSettings = {
				ALWAYS_SEARCH_USER_PATHS = NO;
				CLANG_ANALYZER_NONNULL = YES;
				CLANG_ANALYZER_NUMBER_OBJECT_CONVERSION = YES_AGGRESSIVE;
				CLANG_CXX_LANGUAGE_STANDARD = "gnu++14";
				CLANG_CXX_LIBRARY = "libc++";
				CLANG_ENABLE_MODULES = YES;
				CLANG_ENABLE_OBJC_ARC = YES;
				CLANG_ENABLE_OBJC_WEAK = YES;
				CLANG_WARN_BLOCK_CAPTURE_AUTORELEASING = YES;
				CLANG_WARN_BOOL_CONVERSION = YES;
				CLANG_WARN_COMMA = YES;
				CLANG_WARN_CONSTANT_CONVERSION = YES;
				CLANG_WARN_DEPRECATED_OBJC_IMPLEMENTATIONS = YES;
				CLANG_WARN_DIRECT_OBJC_ISA_USAGE = YES_ERROR;
				CLANG_WARN_DOCUMENTATION_COMMENTS = YES;
				CLANG_WARN_EMPTY_BODY = YES;
				CLANG_WARN_ENUM_CONVERSION = YES;
				CLANG_WARN_INFINITE_RECURSION = YES;
				CLANG_WARN_INT_CONVERSION = YES;
				CLANG_WARN_NON_LITERAL_NULL_CONVERSION = YES;
				CLANG_WARN_OBJC_IMPLICIT_RETAIN_SELF = YES;
				CLANG_WARN_OBJC_LITERAL_CONVERSION = YES;
				CLANG_WARN_OBJC_ROOT_CLASS = YES_ERROR;
				CLANG_WARN_RANGE_LOOP_ANALYSIS = YES;
				CLANG_WARN_STRICT_PROTOTYPES = YES;
				CLANG_WARN_SUSPICIOUS_MOVE = YES;
				CLANG_WARN_UNGUARDED_AVAILABILITY = YES_AGGRESSIVE;
				CLANG_WARN_UNREACHABLE_CODE = YES;
				CLANG_WARN__DUPLICATE_METHOD_MATCH = YES;
				CODE_SIGN_IDENTITY = "iPhone Developer";
				COPY_PHASE_STRIP = NO;
				DEBUG_INFORMATION_FORMAT = dwarf;
				ENABLE_STRICT_OBJC_MSGSEND = YES;
				ENABLE_TESTABILITY = YES;
				GCC_C_LANGUAGE_STANDARD = gnu11;
				GCC_DYNAMIC_NO_PIC = NO;
				GCC_NO_COMMON_BLOCKS = YES;
				GCC_OPTIMIZATION_LEVEL = 0;
				GCC_PREPROCESSOR_DEFINITIONS = (
					"DEBUG=1",
					"$(inherited)",
				);
				GCC_WARN_64_TO_32_BIT_CONVERSION = YES;
				GCC_WARN_ABOUT_RETURN_TYPE = YES_ERROR;
				GCC_WARN_UNDECLARED_SELECTOR = YES;
				GCC_WARN_UNINITIALIZED_AUTOS = YES_AGGRESSIVE;
				GCC_WARN_UNUSED_FUNCTION = YES;
				GCC_WARN_UNUSED_VARIABLE = YES;
				IPHONEOS_DEPLOYMENT_TARGET = 11.4;
				MTL_ENABLE_DEBUG_INFO = YES;
				ONLY_ACTIVE_ARCH = YES;
				SDKROOT = iphoneos;
				SWIFT_ACTIVE_COMPILATION_CONDITIONS = DEBUG;
				SWIFT_OPTIMIZATION_LEVEL = "-Onone";
			};
			name = Debug;
		};
		389C5713212B242D00B85F5E /* Release */ = {
			isa = XCBuildConfiguration;
			buildSettings = {
				ALWAYS_SEARCH_USER_PATHS = NO;
				CLANG_ANALYZER_NONNULL = YES;
				CLANG_ANALYZER_NUMBER_OBJECT_CONVERSION = YES_AGGRESSIVE;
				CLANG_CXX_LANGUAGE_STANDARD = "gnu++14";
				CLANG_CXX_LIBRARY = "libc++";
				CLANG_ENABLE_MODULES = YES;
				CLANG_ENABLE_OBJC_ARC = YES;
				CLANG_ENABLE_OBJC_WEAK = YES;
				CLANG_WARN_BLOCK_CAPTURE_AUTORELEASING = YES;
				CLANG_WARN_BOOL_CONVERSION = YES;
				CLANG_WARN_COMMA = YES;
				CLANG_WARN_CONSTANT_CONVERSION = YES;
				CLANG_WARN_DEPRECATED_OBJC_IMPLEMENTATIONS = YES;
				CLANG_WARN_DIRECT_OBJC_ISA_USAGE = YES_ERROR;
				CLANG_WARN_DOCUMENTATION_COMMENTS = YES;
				CLANG_WARN_EMPTY_BODY = YES;
				CLANG_WARN_ENUM_CONVERSION = YES;
				CLANG_WARN_INFINITE_RECURSION = YES;
				CLANG_WARN_INT_CONVERSION = YES;
				CLANG_WARN_NON_LITERAL_NULL_CONVERSION = YES;
				CLANG_WARN_OBJC_IMPLICIT_RETAIN_SELF = YES;
				CLANG_WARN_OBJC_LITERAL_CONVERSION = YES;
				CLANG_WARN_OBJC_ROOT_CLASS = YES_ERROR;
				CLANG_WARN_RANGE_LOOP_ANALYSIS = YES;
				CLANG_WARN_STRICT_PROTOTYPES = YES;
				CLANG_WARN_SUSPICIOUS_MOVE = YES;
				CLANG_WARN_UNGUARDED_AVAILABILITY = YES_AGGRESSIVE;
				CLANG_WARN_UNREACHABLE_CODE = YES;
				CLANG_WARN__DUPLICATE_METHOD_MATCH = YES;
				CODE_SIGN_IDENTITY = "iPhone Developer";
				COPY_PHASE_STRIP = NO;
				DEBUG_INFORMATION_FORMAT = "dwarf-with-dsym";
				ENABLE_NS_ASSERTIONS = NO;
				ENABLE_STRICT_OBJC_MSGSEND = YES;
				GCC_C_LANGUAGE_STANDARD = gnu11;
				GCC_NO_COMMON_BLOCKS = YES;
				GCC_WARN_64_TO_32_BIT_CONVERSION = YES;
				GCC_WARN_ABOUT_RETURN_TYPE = YES_ERROR;
				GCC_WARN_UNDECLARED_SELECTOR = YES;
				GCC_WARN_UNINITIALIZED_AUTOS = YES_AGGRESSIVE;
				GCC_WARN_UNUSED_FUNCTION = YES;
				GCC_WARN_UNUSED_VARIABLE = YES;
				IPHONEOS_DEPLOYMENT_TARGET = 11.4;
				MTL_ENABLE_DEBUG_INFO = NO;
				SDKROOT = iphoneos;
				SWIFT_COMPILATION_MODE = wholemodule;
				SWIFT_OPTIMIZATION_LEVEL = "-O";
				VALIDATE_PRODUCT = YES;
			};
			name = Release;
		};
		389C5715212B242D00B85F5E /* Debug */ = {
			isa = XCBuildConfiguration;
			buildSettings = {
				ASSETCATALOG_COMPILER_APPICON_NAME = AppIcon;
				CODE_SIGN_STYLE = Automatic;
				DEVELOPMENT_TEAM = S2V96BB45E;
				INFOPLIST_FILE = "Views & Storyboards/Info.plist";
				LD_RUNPATH_SEARCH_PATHS = (
					"$(inherited)",
					"@executable_path/Frameworks",
				);
				PRODUCT_BUNDLE_IDENTIFIER = "com.EricAndersen.Views---Storyboards";
				PRODUCT_NAME = "$(TARGET_NAME)";
				SWIFT_VERSION = 4.0;
				TARGETED_DEVICE_FAMILY = "1,2";
			};
			name = Debug;
		};
		389C5716212B242D00B85F5E /* Release */ = {
			isa = XCBuildConfiguration;
			buildSettings = {
				ASSETCATALOG_COMPILER_APPICON_NAME = AppIcon;
				CODE_SIGN_STYLE = Automatic;
				DEVELOPMENT_TEAM = S2V96BB45E;
				INFOPLIST_FILE = "Views & Storyboards/Info.plist";
				LD_RUNPATH_SEARCH_PATHS = (
					"$(inherited)",
					"@executable_path/Frameworks",
				);
				PRODUCT_BUNDLE_IDENTIFIER = "com.EricAndersen.Views---Storyboards";
				PRODUCT_NAME = "$(TARGET_NAME)";
				SWIFT_VERSION = 4.0;
				TARGETED_DEVICE_FAMILY = "1,2";
			};
			name = Release;
		};
/* End XCBuildConfiguration section */

/* Begin XCConfigurationList section */
		389C56FD212B242C00B85F5E /* Build configuration list for PBXProject "Views & Storyboards" */ = {
			isa = XCConfigurationList;
			buildConfigurations = (
				389C5712212B242D00B85F5E /* Debug */,
				389C5713212B242D00B85F5E /* Release */,
			);
			defaultConfigurationIsVisible = 0;
			defaultConfigurationName = Release;
		};
		389C5714212B242D00B85F5E /* Build configuration list for PBXNativeTarget "Views & Storyboards" */ = {
			isa = XCConfigurationList;
			buildConfigurations = (
				389C5715212B242D00B85F5E /* Debug */,
				389C5716212B242D00B85F5E /* Release */,
			);
			defaultConfigurationIsVisible = 0;
			defaultConfigurationName = Release;
		};
/* End XCConfigurationList section */
	};
	rootObject = 389C56FA212B242C00B85F5E /* Project object */;
}
